
Microsoft Visual Studio Solution File, Format Version 12.00
# Visual Studio Version 16
VisualStudioVersion = 16.0.29519.87
MinimumVisualStudioVersion = 10.0.40219.1
Project("{FAE04EC0-301F-11D3-BF4B-00C04F79EFBC}") = "NotificationService", "NotificationService\NotificationService.csproj", "{DAB48C3F-89F6-4541-91AF-F3C4EA261A46}"
EndProject
Global
	GlobalSection(SolutionConfigurationPlatforms) = preSolution
		Debug|Any CPU = Debug|Any CPU
		Release|Any CPU = Release|Any CPU
	EndGlobalSection
	GlobalSection(ProjectConfigurationPlatforms) = postSolution
		{DAB48C3F-89F6-4541-91AF-F3C4EA261A46}.Debug|Any CPU.ActiveCfg = Debug|Any CPU
		{DAB48C3F-89F6-4541-91AF-F3C4EA261A46}.Debug|Any CPU.Build.0 = Debug|Any CPU
		{DAB48C3F-89F6-4541-91AF-F3C4EA261A46}.Release|Any CPU.ActiveCfg = Release|Any CPU
		{DAB48C3F-89F6-4541-91AF-F3C4EA261A46}.Release|Any CPU.Build.0 = Release|Any CPU
	EndGlobalSection
	GlobalSection(SolutionProperties) = preSolution
		HideSolutionNode = FALSE
	EndGlobalSection
	GlobalSection(ExtensibilityGlobals) = postSolution
		SolutionGuid = {AC8EF9BF-8EE2-4CF3-B279-887A1EC67B06}
	EndGlobalSection
EndGlobal
